
Microsoft Visual Studio Solution File, Format Version 12.00
# Visual Studio 15
Project("{FAE04EC0-301F-11D3-BF4B-00C04F79EFBC}") = "CoverLetterGenerator", "CoverLetterGenerator.csproj", "{42F183F0-6183-41CC-8D68-7CD704F440EC}"
EndProject
Global
	GlobalSection(SolutionConfigurationPlatforms) = preSolution
		Debug|anycpu = Debug|anycpu
		Release|anycpu = Release|anycpu
	EndGlobalSection
	GlobalSection(ProjectConfigurationPlatforms) = postSolution
		{42F183F0-6183-41CC-8D68-7CD704F440EC}.Debug|anycpu.ActiveCfg = Debug|anycpu
		{42F183F0-6183-41CC-8D68-7CD704F440EC}.Debug|anycpu.Build.0 = Debug|anycpu
		{42F183F0-6183-41CC-8D68-7CD704F440EC}.Release|anycpu.ActiveCfg = Release|anycpu
		{42F183F0-6183-41CC-8D68-7CD704F440EC}.Release|anycpu.Build.0 = Release|anycpu
	EndGlobalSection
EndGlobal
